{
  "name": "mobx",
  "version": "1.0.0",
  "lockfileVersion": 2,
  "requires": true,
  "packages": {
    "": {
      "name": "mobx",
      "version": "1.0.0",
      "license": "ISC",
      "dependencies": {
        "mobx": "^6.4.1"
      }
    },
    "node_modules/mobx": {
      "version": "6.4.1",
      "resolved": "https://registry.npmjs.org/mobx/-/mobx-6.4.1.tgz",
      "integrity": "sha512-NFXx0uMbGBgsa0uxhH099L8cMuoRQWh01q6Sf0ZX/3hFU7svJ7yfTD+1LnLMa5wzY/b7gImAeMsR1p0wordDnA==",
      "funding": {
        "type": "opencollective",
        "url": "https://opencollective.com/mobx"
      }
    }
  },
  "dependencies": {
    "mobx": {
      "version": "6.4.1",
      "resolved": "https://registry.npmjs.org/mobx/-/mobx-6.4.1.tgz",
      "integrity": "sha512-NFXx0uMbGBgsa0uxhH099L8cMuoRQWh01q6Sf0ZX/3hFU7svJ7yfTD+1LnLMa5wzY/b7gImAeMsR1p0wordDnA=="
    }
  }
}
